// !$*UTF8*$!
{
	archiveVersion = 1;
	classes = {
	};
	objectVersion = 46;
	objects = {

/* Begin PBXBuildFile section */
		5C3B65FA1E5DCB2900B39201 /* AppDelegate.swift in Sources */ = {isa = PBXBuildFile; fileRef = 5C3B65F91E5DCB2900B39201 /* AppDelegate.swift */; };
		5C3B65FC1E5DCB2900B39201 /* ViewController.swift in Sources */ = {isa = PBXBuildFile; fileRef = 5C3B65FB1E5DCB2900B39201 /* ViewController.swift */; };
		5C3B65FF1E5DCB2900B39201 /* Main.storyboard in Resources */ = {isa = PBXBuildFile; fileRef = 5C3B65FD1E5DCB2900B39201 /* Main.storyboard */; };
		5C3B66011E5DCB2900B39201 /* Assets.xcassets in Resources */ = {isa = PBXBuildFile; fileRef = 5C3B66001E5DCB2900B39201 /* Assets.xcassets */; };
		5C3B66041E5DCB2900B39201 /* LaunchScreen.storyboard in Resources */ = {isa = PBXBuildFile; fileRef = 5C3B66021E5DCB2900B39201 /* LaunchScreen.storyboard */; };
		5C3B660F1E5DCB2A00B39201 /* POPTests.swift in Sources */ = {isa = PBXBuildFile; fileRef = 5C3B660E1E5DCB2A00B39201 /* POPTests.swift */; };
/* End PBXBuildFile section */

/* Begin PBXContainerItemProxy section */
		5C3B660B1E5DCB2A00B39201 /* PBXContainerItemProxy */ = {
			isa = PBXContainerItemProxy;
			containerPortal = 5C3B65EE1E5DCB2900B39201 /* Project object */;
			proxyType = 1;
			remoteGlobalIDString = 5C3B65F51E5DCB2900B39201;
			remoteInfo = POP;
		};
/* End PBXContainerItemProxy section */

/* Begin PBXFileReference section */
		5C3B65F61E5DCB2900B39201 /* POP.app */ = {isa = PBXFileReference; explicitFileType = wrapper.application; includeInIndex = 0; path = POP.app; sourceTree = BUILT_PRODUCTS_DIR; };
		5C3B65F91E5DCB2900B39201 /* AppDelegate.swift */ = {isa = PBXFileReference; lastKnownFileType = sourcecode.swift; path = AppDelegate.swift; sourceTree = "<group>"; };
		5C3B65FB1E5DCB2900B39201 /* ViewController.swift */ = {isa = PBXFileReference; lastKnownFileType = sourcecode.swift; path = ViewController.swift; sourceTree = "<group>"; };
		5C3B65FE1E5DCB2900B39201 /* Base */ = {isa = PBXFileReference; lastKnownFileType = file.storyboard; name = Base; path = Base.lproj/Main.storyboard; sourceTree = "<group>"; };
		5C3B66001E5DCB2900B39201 /* Assets.xcassets */ = {isa = PBXFileReference; lastKnownFileType = folder.assetcatalog; path = Assets.xcassets; sourceTree = "<group>"; };
		5C3B66031E5DCB2900B39201 /* Base */ = {isa = PBXFileReference; lastKnownFileType = file.storyboard; name = Base; path = Base.lproj/LaunchScreen.storyboard; sourceTree = "<group>"; };
		5C3B66051E5DCB2900B39201 /* Info.plist */ = {isa = PBXFileReference; lastKnownFileType = text.plist.xml; path = Info.plist; sourceTree = "<group>"; };
		5C3B660A1E5DCB2A00B39201 /* POPTests.xctest */ = {isa = PBXFileReference; explicitFileType = wrapper.cfbundle; includeInIndex = 0; path = POPTests.xctest; sourceTree = BUILT_PRODUCTS_DIR; };
		5C3B660E1E5DCB2A00B39201 /* POPTests.swift */ = {isa = PBXFileReference; lastKnownFileType = sourcecode.swift; path = POPTests.swift; sourceTree = "<group>"; };
		5C3B66101E5DCB2A00B39201 /* Info.plist */ = {isa = PBXFileReference; lastKnownFileType = text.plist.xml; path = Info.plist; sourceTree = "<group>"; };
/* End PBXFileReference section */

/* Begin PBXFrameworksBuildPhase section */
		5C3B65F31E5DCB2900B39201 /* Frameworks */ = {
			isa = PBXFrameworksBuildPhase;
			buildActionMask = 2147483647;
			files = (
			);
			runOnlyForDeploymentPostprocessing = 0;
		};
		5C3B66071E5DCB2A00B39201 /* Frameworks */ = {
			isa = PBXFrameworksBuildPhase;
			buildActionMask = 2147483647;
			files = (
			);
			runOnlyForDeploymentPostprocessing = 0;
		};
/* End PBXFrameworksBuildPhase section */

/* Begin PBXGroup section */
		5C3B65ED1E5DCB2900B39201 = {
			isa = PBXGroup;
			children = (
				5C3B65F81E5DCB2900B39201 /* POP */,
				5C3B660D1E5DCB2A00B39201 /* POPTests */,
				5C3B65F71E5DCB2900B39201 /* Products */,
			);
			sourceTree = "<group>";
		};
		5C3B65F71E5DCB2900B39201 /* Products */ = {
			isa = PBXGroup;
			children = (
				5C3B65F61E5DCB2900B39201 /* POP.app */,
				5C3B660A1E5DCB2A00B39201 /* POPTests.xctest */,
			);
			name = Products;
			sourceTree = "<group>";
		};
		5C3B65F81E5DCB2900B39201 /* POP */ = {
			isa = PBXGroup;
			children = (
				5C3B65F91E5DCB2900B39201 /* AppDelegate.swift */,
				5C3B65FB1E5DCB2900B39201 /* ViewController.swift */,
				5C3B65FD1E5DCB2900B39201 /* Main.storyboard */,
				5C3B66001E5DCB2900B39201 /* Assets.xcassets */,
				5C3B66021E5DCB2900B39201 /* LaunchScreen.storyboard */,
				5C3B66051E5DCB2900B39201 /* Info.plist */,
			);
			path = POP;
			sourceTree = "<group>";
		};
		5C3B660D1E5DCB2A00B39201 /* POPTests */ = {
			isa = PBXGroup;
			children = (
				5C3B660E1E5DCB2A00B39201 /* POPTests.swift */,
				5C3B66101E5DCB2A00B39201 /* Info.plist */,
			);
			path = POPTests;
			sourceTree = "<group>";
		};
/* End PBXGroup section */

/* Begin PBXNativeTarget section */
		5C3B65F51E5DCB2900B39201 /* POP */ = {
			isa = PBXNativeTarget;
			buildConfigurationList = 5C3B66131E5DCB2A00B39201 /* Build configuration list for PBXNativeTarget "POP" */;
			buildPhases = (
				5C3B65F21E5DCB2900B39201 /* Sources */,
				5C3B65F31E5DCB2900B39201 /* Frameworks */,
				5C3B65F41E5DCB2900B39201 /* Resources */,
			);
			buildRules = (
			);
			dependencies = (
			);
			name = POP;
			productName = POP;
			productReference = 5C3B65F61E5DCB2900B39201 /* POP.app */;
			productType = "com.apple.product-type.application";
		};
		5C3B66091E5DCB2A00B39201 /* POPTests */ = {
			isa = PBXNativeTarget;
			buildConfigurationList = 5C3B66161E5DCB2A00B39201 /* Build configuration list for PBXNativeTarget "POPTests" */;
			buildPhases = (
				5C3B66061E5DCB2A00B39201 /* Sources */,
				5C3B66071E5DCB2A00B39201 /* Frameworks */,
				5C3B66081E5DCB2A00B39201 /* Resources */,
			);
			buildRules = (
			);
			dependencies = (
				5C3B660C1E5DCB2A00B39201 /* PBXTargetDependency */,
			);
			name = POPTests;
			productName = POPTests;
			productReference = 5C3B660A1E5DCB2A00B39201 /* POPTests.xctest */;
			productType = "com.apple.product-type.bundle.unit-test";
		};
/* End PBXNativeTarget section */

/* Begin PBXProject section */
		5C3B65EE1E5DCB2900B39201 /* Project object */ = {
			isa = PBXProject;
			attributes = {
				LastSwiftUpdateCheck = 0820;
				LastUpgradeCheck = 0820;
				ORGANIZATIONNAME = sungwon;
				TargetAttributes = {
					5C3B65F51E5DCB2900B39201 = {
						CreatedOnToolsVersion = 8.2.1;
						DevelopmentTeam = ANF8R4CHNM;
						ProvisioningStyle = Automatic;
					};
					5C3B66091E5DCB2A00B39201 = {
						CreatedOnToolsVersion = 8.2.1;
						DevelopmentTeam = ANF8R4CHNM;
						ProvisioningStyle = Automatic;
						TestTargetID = 5C3B65F51E5DCB2900B39201;
					};
				};
			};
			buildConfigurationList = 5C3B65F11E5DCB2900B39201 /* Build configuration list for PBXProject "POP" */;
			compatibilityVersion = "Xcode 3.2";
			developmentRegion = English;
			hasScannedForEncodings = 0;
			knownRegions = (
				en,
				Base,
			);
			mainGroup = 5C3B65ED1E5DCB2900B39201;
			productRefGroup = 5C3B65F71E5DCB2900B39201 /* Products */;
			projectDirPath = "";
			projectRoot = "";
			targets = (
				5C3B65F51E5DCB2900B39201 /* POP */,
				5C3B66091E5DCB2A00B39201 /* POPTests */,
			);
		};
/* End PBXProject section */

/* Begin PBXResourcesBuildPhase section */
		5C3B65F41E5DCB2900B39201 /* Resources */ = {
			isa = PBXResourcesBuildPhase;
			buildActionMask = 2147483647;
			files = (
				5C3B66041E5DCB2900B39201 /* LaunchScreen.storyboard in Resources */,
				5C3B66011E5DCB2900B39201 /* Assets.xcassets in Resources */,
				5C3B65FF1E5DCB2900B39201 /* Main.storyboard in Resources */,
			);
			runOnlyForDeploymentPostprocessing = 0;
		};
		5C3B66081E5DCB2A00B39201 /* Resources */ = {
			isa = PBXResourcesBuildPhase;
			buildActionMask = 2147483647;
			files = (
			);
			runOnlyForDeploymentPostprocessing = 0;
		};
/* End PBXResourcesBuildPhase section */

/* Begin PBXSourcesBuildPhase section */
		5C3B65F21E5DCB2900B39201 /* Sources */ = {
			isa = PBXSourcesBuildPhase;
			buildActionMask = 2147483647;
			files = (
				5C3B65FC1E5DCB2900B39201 /* ViewController.swift in Sources */,
				5C3B65FA1E5DCB2900B39201 /* AppDelegate.swift in Sources */,
			);
			runOnlyForDeploymentPostprocessing = 0;
		};
		5C3B66061E5DCB2A00B39201 /* Sources */ = {
			isa = PBXSourcesBuildPhase;
			buildActionMask = 2147483647;
			files = (
				5C3B660F1E5DCB2A00B39201 /* POPTests.swift in Sources */,
			);
			runOnlyForDeploymentPostprocessing = 0;
		};
/* End PBXSourcesBuildPhase section */

/* Begin PBXTargetDependency section */
		5C3B660C1E5DCB2A00B39201 /* PBXTargetDependency */ = {
			isa = PBXTargetDependency;
			target = 5C3B65F51E5DCB2900B39201 /* POP */;
			targetProxy = 5C3B660B1E5DCB2A00B39201 /* PBXContainerItemProxy */;
		};
/* End PBXTargetDependency section */

/* Begin PBXVariantGroup section */
		5C3B65FD1E5DCB2900B39201 /* Main.storyboard */ = {
			isa = PBXVariantGroup;
			children = (
				5C3B65FE1E5DCB2900B39201 /* Base */,
			);
			name = Main.storyboard;
			sourceTree = "<group>";
		};
		5C3B66021E5DCB2900B39201 /* LaunchScreen.storyboard */ = {
			isa = PBXVariantGroup;
			children = (
				5C3B66031E5DCB2900B39201 /* Base */,
			);
			name = LaunchScreen.storyboard;
			sourceTree = "<group>";
		};
/* End PBXVariantGroup section */

/* Begin XCBuildConfiguration section */
		5C3B66111E5DCB2A00B39201 /* Debug */ = {
			isa = XCBuildConfiguration;
			buildSettings = {
				ALWAYS_SEARCH_USER_PATHS = NO;
				CLANG_ANALYZER_NONNULL = YES;
				CLANG_CXX_LANGUAGE_STANDARD = "gnu++0x";
				CLANG_CXX_LIBRARY = "libc++";
				CLANG_ENABLE_MODULES = YES;
				CLANG_ENABLE_OBJC_ARC = YES;
				CLANG_WARN_BOOL_CONVERSION = YES;
				CLANG_WARN_CONSTANT_CONVERSION = YES;
				CLANG_WARN_DIRECT_OBJC_ISA_USAGE = YES_ERROR;
				CLANG_WARN_DOCUMENTATION_COMMENTS = YES;
				CLANG_WARN_EMPTY_BODY = YES;
				CLANG_WARN_ENUM_CONVERSION = YES;
				CLANG_WARN_INFINITE_RECURSION = YES;
				CLANG_WARN_INT_CONVERSION = YES;
				CLANG_WARN_OBJC_ROOT_CLASS = YES_ERROR;
				CLANG_WARN_SUSPICIOUS_MOVE = YES;
				CLANG_WARN_UNREACHABLE_CODE = YES;
				CLANG_WARN__DUPLICATE_METHOD_MATCH = YES;
				"CODE_SIGN_IDENTITY[sdk=iphoneos*]" = "iPhone Developer";
				COPY_PHASE_STRIP = NO;
				DEBUG_INFORMATION_FORMAT = dwarf;
				ENABLE_STRICT_OBJC_MSGSEND = YES;
				ENABLE_TESTABILITY = YES;
				GCC_C_LANGUAGE_STANDARD = gnu99;
				GCC_DYNAMIC_NO_PIC = NO;
				GCC_NO_COMMON_BLOCKS = YES;
				GCC_OPTIMIZATION_LEVEL = 0;
				GCC_PREPROCESSOR_DEFINITIONS = (
					"DEBUG=1",
					"$(inherited)",
				);
				GCC_WARN_64_TO_32_BIT_CONVERSION = YES;
				GCC_WARN_ABOUT_RETURN_TYPE = YES_ERROR;
				GCC_WARN_UNDECLARED_SELECTOR = YES;
				GCC_WARN_UNINITIALIZED_AUTOS = YES_AGGRESSIVE;
				GCC_WARN_UNUSED_FUNCTION = YES;
				GCC_WARN_UNUSED_VARIABLE = YES;
				IPHONEOS_DEPLOYMENT_TARGET = 10.2;
				MTL_ENABLE_DEBUG_INFO = YES;
				ONLY_ACTIVE_ARCH = YES;
				SDKROOT = iphoneos;
				SWIFT_ACTIVE_COMPILATION_CONDITIONS = DEBUG;
				SWIFT_OPTIMIZATION_LEVEL = "-Onone";
			};
			name = Debug;
		};
		5C3B66121E5DCB2A00B39201 /* Release */ = {
			isa = XCBuildConfiguration;
			buildSettings = {
				ALWAYS_SEARCH_USER_PATHS = NO;
				CLANG_ANALYZER_NONNULL = YES;
				CLANG_CXX_LANGUAGE_STANDARD = "gnu++0x";
				CLANG_CXX_LIBRARY = "libc++";
				CLANG_ENABLE_MODULES = YES;
				CLANG_ENABLE_OBJC_ARC = YES;
				CLANG_WARN_BOOL_CONVERSION = YES;
				CLANG_WARN_CONSTANT_CONVERSION = YES;
				CLANG_WARN_DIRECT_OBJC_ISA_USAGE = YES_ERROR;
				CLANG_WARN_DOCUMENTATION_COMMENTS = YES;
				CLANG_WARN_EMPTY_BODY = YES;
				CLANG_WARN_ENUM_CONVERSION = YES;
				CLANG_WARN_INFINITE_RECURSION = YES;
				CLANG_WARN_INT_CONVERSION = YES;
				CLANG_WARN_OBJC_ROOT_CLASS = YES_ERROR;
				CLANG_WARN_SUSPICIOUS_MOVE = YES;
				CLANG_WARN_UNREACHABLE_CODE = YES;
				CLANG_WARN__DUPLICATE_METHOD_MATCH = YES;
				"CODE_SIGN_IDENTITY[sdk=iphoneos*]" = "iPhone Developer";
				COPY_PHASE_STRIP = NO;
				DEBUG_INFORMATION_FORMAT = "dwarf-with-dsym";
				ENABLE_NS_ASSERTIONS = NO;
				ENABLE_STRICT_OBJC_MSGSEND = YES;
				GCC_C_LANGUAGE_STANDARD = gnu99;
				GCC_NO_COMMON_BLOCKS = YES;
				GCC_WARN_64_TO_32_BIT_CONVERSION = YES;
				GCC_WARN_ABOUT_RETURN_TYPE = YES_ERROR;
				GCC_WARN_UNDECLARED_SELECTOR = YES;
				GCC_WARN_UNINITIALIZED_AUTOS = YES_AGGRESSIVE;
				GCC_WARN_UNUSED_FUNCTION = YES;
				GCC_WARN_UNUSED_VARIABLE = YES;
				IPHONEOS_DEPLOYMENT_TARGET = 10.2;
				MTL_ENABLE_DEBUG_INFO = NO;
				SDKROOT = iphoneos;
				SWIFT_OPTIMIZATION_LEVEL = "-Owholemodule";
				VALIDATE_PRODUCT = YES;
			};
			name = Release;
		};
		5C3B66141E5DCB2A00B39201 /* Debug */ = {
			isa = XCBuildConfiguration;
			buildSettings = {
				ASSETCATALOG_COMPILER_APPICON_NAME = AppIcon;
				DEVELOPMENT_TEAM = ANF8R4CHNM;
				INFOPLIST_FILE = POP/Info.plist;
				LD_RUNPATH_SEARCH_PATHS = "$(inherited) @executable_path/Frameworks";
				PRODUCT_BUNDLE_IDENTIFIER = com.sungwon.POP;
				PRODUCT_NAME = "$(TARGET_NAME)";
				SWIFT_VERSION = 3.0;
			};
			name = Debug;
		};
		5C3B66151E5DCB2A00B39201 /* Release */ = {
			isa = XCBuildConfiguration;
			buildSettings = {
				ASSETCATALOG_COMPILER_APPICON_NAME = AppIcon;
				DEVELOPMENT_TEAM = ANF8R4CHNM;
				INFOPLIST_FILE = POP/Info.plist;
				LD_RUNPATH_SEARCH_PATHS = "$(inherited) @executable_path/Frameworks";
				PRODUCT_BUNDLE_IDENTIFIER = com.sungwon.POP;
				PRODUCT_NAME = "$(TARGET_NAME)";
				SWIFT_VERSION = 3.0;
			};
			name = Release;
		};
		5C3B66171E5DCB2A00B39201 /* Debug */ = {
			isa = XCBuildConfiguration;
			buildSettings = {
				ALWAYS_EMBED_SWIFT_STANDARD_LIBRARIES = YES;
				BUNDLE_LOADER = "$(TEST_HOST)";
				DEVELOPMENT_TEAM = ANF8R4CHNM;
				INFOPLIST_FILE = POPTests/Info.plist;
				LD_RUNPATH_SEARCH_PATHS = "$(inherited) @executable_path/Frameworks @loader_path/Frameworks";
				PRODUCT_BUNDLE_IDENTIFIER = com.sungwon.POPTests;
				PRODUCT_NAME = "$(TARGET_NAME)";
				SWIFT_VERSION = 3.0;
				TEST_HOST = "$(BUILT_PRODUCTS_DIR)/POP.app/POP";
			};
			name = Debug;
		};
		5C3B66181E5DCB2A00B39201 /* Release */ = {
			isa = XCBuildConfiguration;
			buildSettings = {
				ALWAYS_EMBED_SWIFT_STANDARD_LIBRARIES = YES;
				BUNDLE_LOADER = "$(TEST_HOST)";
				DEVELOPMENT_TEAM = ANF8R4CHNM;
				INFOPLIST_FILE = POPTests/Info.plist;
				LD_RUNPATH_SEARCH_PATHS = "$(inherited) @executable_path/Frameworks @loader_path/Frameworks";
				PRODUCT_BUNDLE_IDENTIFIER = com.sungwon.POPTests;
				PRODUCT_NAME = "$(TARGET_NAME)";
				SWIFT_VERSION = 3.0;
				TEST_HOST = "$(BUILT_PRODUCTS_DIR)/POP.app/POP";
			};
			name = Release;
		};
/* End XCBuildConfiguration section */

/* Begin XCConfigurationList section */
		5C3B65F11E5DCB2900B39201 /* Build configuration list for PBXProject "POP" */ = {
			isa = XCConfigurationList;
			buildConfigurations = (
				5C3B66111E5DCB2A00B39201 /* Debug */,
				5C3B66121E5DCB2A00B39201 /* Release */,
			);
			defaultConfigurationIsVisible = 0;
			defaultConfigurationName = Release;
		};
		5C3B66131E5DCB2A00B39201 /* Build configuration list for PBXNativeTarget "POP" */ = {
			isa = XCConfigurationList;
			buildConfigurations = (
				5C3B66141E5DCB2A00B39201 /* Debug */,
				5C3B66151E5DCB2A00B39201 /* Release */,
			);
			defaultConfigurationIsVisible = 0;
		};
		5C3B66161E5DCB2A00B39201 /* Build configuration list for PBXNativeTarget "POPTests" */ = {
			isa = XCConfigurationList;
			buildConfigurations = (
				5C3B66171E5DCB2A00B39201 /* Debug */,
				5C3B66181E5DCB2A00B39201 /* Release */,
			);
			defaultConfigurationIsVisible = 0;
		};
/* End XCConfigurationList section */
	};
	rootObject = 5C3B65EE1E5DCB2900B39201 /* Project object */;
}
